// !$*UTF8*$!
{
	archiveVersion = 1;
	classes = {
	};
	objectVersion = 55;
	objects = {

/* Begin PBXBuildFile section */
		0FB4888838B1C5365136582C /* Pods_Kolo.framework in Frameworks */ = {isa = PBXBuildFile; fileRef = CE5A1FA1AB1AAEA8ACC71452 /* Pods_Kolo.framework */; };
		82AE5C0DD1125B922853F7F8 /* Pods_KoloTests.framework in Frameworks */ = {isa = PBXBuildFile; fileRef = C2407631FCE8E5BAB16EAEE5 /* Pods_KoloTests.framework */; };
		BD805B252826C396C38364DA /* (null) in Frameworks */ = {isa = PBXBuildFile; };
		FC14F1A628083C4500BFB9D1 /* AppDelegate.swift in Sources */ = {isa = PBXBuildFile; fileRef = FC14F1A528083C4500BFB9D1 /* AppDelegate.swift */; };
		FC14F1A828083C4500BFB9D1 /* SceneDelegate.swift in Sources */ = {isa = PBXBuildFile; fileRef = FC14F1A728083C4500BFB9D1 /* SceneDelegate.swift */; };
		FC14F1AD28083C4500BFB9D1 /* Main.storyboard in Resources */ = {isa = PBXBuildFile; fileRef = FC14F1AB28083C4500BFB9D1 /* Main.storyboard */; };
		FC14F1AF28083C4500BFB9D1 /* Assets.xcassets in Resources */ = {isa = PBXBuildFile; fileRef = FC14F1AE28083C4500BFB9D1 /* Assets.xcassets */; };
		FC14F1B228083C4500BFB9D1 /* LaunchScreen.storyboard in Resources */ = {isa = PBXBuildFile; fileRef = FC14F1B028083C4500BFB9D1 /* LaunchScreen.storyboard */; };
		FC14F1BA28083C5E00BFB9D1 /* KoloLandingTabBarViewController.swift in Sources */ = {isa = PBXBuildFile; fileRef = FC14F1B928083C5E00BFB9D1 /* KoloLandingTabBarViewController.swift */; };
		FCA6CF8B2861AF8A0055AE60 /* LoaderCollectionReusableView.swift in Sources */ = {isa = PBXBuildFile; fileRef = FCA6CF892861AF8A0055AE60 /* LoaderCollectionReusableView.swift */; };
		FCA6CF8C2861AF8A0055AE60 /* LoaderCollectionReusableView.xib in Resources */ = {isa = PBXBuildFile; fileRef = FCA6CF8A2861AF8A0055AE60 /* LoaderCollectionReusableView.xib */; };
		FCCC817E28083E5D00DC91E6 /* CharactersViewController.swift in Sources */ = {isa = PBXBuildFile; fileRef = FCCC817C28083E5D00DC91E6 /* CharactersViewController.swift */; };
		FCCC817F28083E5D00DC91E6 /* CharactersViewController.xib in Resources */ = {isa = PBXBuildFile; fileRef = FCCC817D28083E5D00DC91E6 /* CharactersViewController.xib */; };
		FCCC818528083E9A00DC91E6 /* ComicsViewController.swift in Sources */ = {isa = PBXBuildFile; fileRef = FCCC818328083E9A00DC91E6 /* ComicsViewController.swift */; };
		FCCC818628083E9A00DC91E6 /* ComicsViewController.xib in Resources */ = {isa = PBXBuildFile; fileRef = FCCC818428083E9A00DC91E6 /* ComicsViewController.xib */; };
		FCCC818B28083F3700DC91E6 /* ComicsViewModel.swift in Sources */ = {isa = PBXBuildFile; fileRef = FCCC818A28083F3700DC91E6 /* ComicsViewModel.swift */; };
		FCCC818E28083F7900DC91E6 /* Networking.swift in Sources */ = {isa = PBXBuildFile; fileRef = FCCC818D28083F7900DC91E6 /* Networking.swift */; };
		FCCC819228083FB600DC91E6 /* ComicCollectionViewCell.swift in Sources */ = {isa = PBXBuildFile; fileRef = FCCC819028083FB600DC91E6 /* ComicCollectionViewCell.swift */; };
		FCCC819328083FB600DC91E6 /* ComicCollectionViewCell.xib in Resources */ = {isa = PBXBuildFile; fileRef = FCCC819128083FB600DC91E6 /* ComicCollectionViewCell.xib */; };
		FCCC819828084B9C00DC91E6 /* CharactersViewModel.swift in Sources */ = {isa = PBXBuildFile; fileRef = FCCC819728084B9C00DC91E6 /* CharactersViewModel.swift */; };
		FCDBAA9C280A6D16000474CA /* CharactersViewModelUnitTest.swift in Sources */ = {isa = PBXBuildFile; fileRef = FCDBAA9B280A6D16000474CA /* CharactersViewModelUnitTest.swift */; };
		FCDBAAA0280A6EE2000474CA /* CharactersViewModelDummyData.swift in Sources */ = {isa = PBXBuildFile; fileRef = FCDBAA9F280A6EE2000474CA /* CharactersViewModelDummyData.swift */; };
		FCDBAAA8280A74FE000474CA /* ComicsViewModelUnitTest.swift in Sources */ = {isa = PBXBuildFile; fileRef = FCDBAAA7280A74FE000474CA /* ComicsViewModelUnitTest.swift */; };
		FCDBAAAA280A750A000474CA /* ComicViewModelDummyData.swift in Sources */ = {isa = PBXBuildFile; fileRef = FCDBAAA9280A750A000474CA /* ComicViewModelDummyData.swift */; };
		FCF7DD2B280925ED00C0DB29 /* CharactersDataModel.swift in Sources */ = {isa = PBXBuildFile; fileRef = FCF7DD2A280925ED00C0DB29 /* CharactersDataModel.swift */; };
		FCF7DD2E28092C6A00C0DB29 /* Extensions.swift in Sources */ = {isa = PBXBuildFile; fileRef = FCF7DD2D28092C6A00C0DB29 /* Extensions.swift */; };
		FCF7DD302809372800C0DB29 /* CharctersResultDataModel.swift in Sources */ = {isa = PBXBuildFile; fileRef = FCF7DD2F2809372800C0DB29 /* CharctersResultDataModel.swift */; };
		FCF7DD37280948A700C0DB29 /* ComicsDataModel.swift in Sources */ = {isa = PBXBuildFile; fileRef = FCF7DD36280948A700C0DB29 /* ComicsDataModel.swift */; };
		FCF7DD3D28094AC000C0DB29 /* ThumbnailDataModel.swift in Sources */ = {isa = PBXBuildFile; fileRef = FCF7DD3C28094AC000C0DB29 /* ThumbnailDataModel.swift */; };
		FCF7DD3F28094AF900C0DB29 /* UrlsDataModel.swift in Sources */ = {isa = PBXBuildFile; fileRef = FCF7DD3E28094AF900C0DB29 /* UrlsDataModel.swift */; };
		FCF7DD4128094C0400C0DB29 /* ComicsResultsDataModel.swift in Sources */ = {isa = PBXBuildFile; fileRef = FCF7DD4028094C0400C0DB29 /* ComicsResultsDataModel.swift */; };
		FCF7DD4528095FF100C0DB29 /* SearchHistoryTableViewController.swift in Sources */ = {isa = PBXBuildFile; fileRef = FCF7DD4428095FF100C0DB29 /* SearchHistoryTableViewController.swift */; };
		FCF7DD48280963C300C0DB29 /* SearchHistoryTokenTableViewCell.swift in Sources */ = {isa = PBXBuildFile; fileRef = FCF7DD46280963C300C0DB29 /* SearchHistoryTokenTableViewCell.swift */; };
		FCF7DD49280963C300C0DB29 /* SearchHistoryTokenTableViewCell.xib in Resources */ = {isa = PBXBuildFile; fileRef = FCF7DD47280963C300C0DB29 /* SearchHistoryTokenTableViewCell.xib */; };
		FCF7DD4B28096B5A00C0DB29 /* Utilities.swift in Sources */ = {isa = PBXBuildFile; fileRef = FCF7DD4A28096B5A00C0DB29 /* Utilities.swift */; };
		FCF7DD4D28096BCE00C0DB29 /* AAConstants.swift in Sources */ = {isa = PBXBuildFile; fileRef = FCF7DD4C28096BCE00C0DB29 /* AAConstants.swift */; };
		FCF7DD502809807C00C0DB29 /* URLExt.swift in Sources */ = {isa = PBXBuildFile; fileRef = FCF7DD4F2809807C00C0DB29 /* URLExt.swift */; };
		FCF7DD522809830900C0DB29 /* Observable.swift in Sources */ = {isa = PBXBuildFile; fileRef = FCF7DD512809830900C0DB29 /* Observable.swift */; };
/* End PBXBuildFile section */

/* Begin PBXContainerItemProxy section */
		FCDBAA96280A6CA1000474CA /* PBXContainerItemProxy */ = {
			isa = PBXContainerItemProxy;
			containerPortal = FC14F19A28083C4500BFB9D1 /* Project object */;
			proxyType = 1;
			remoteGlobalIDString = FC14F1A128083C4500BFB9D1;
			remoteInfo = Kolo;
		};
/* End PBXContainerItemProxy section */

/* Begin PBXFileReference section */
		04F5E67D697CB1791D129B55 /* Pods-Kolo.debug.xcconfig */ = {isa = PBXFileReference; includeInIndex = 1; lastKnownFileType = text.xcconfig; name = "Pods-Kolo.debug.xcconfig"; path = "Target Support Files/Pods-Kolo/Pods-Kolo.debug.xcconfig"; sourceTree = "<group>"; };
		6995459258D560ABFCA646C7 /* Pods-KoloTests.release.xcconfig */ = {isa = PBXFileReference; includeInIndex = 1; lastKnownFileType = text.xcconfig; name = "Pods-KoloTests.release.xcconfig"; path = "Target Support Files/Pods-KoloTests/Pods-KoloTests.release.xcconfig"; sourceTree = "<group>"; };
		76DD1DB90927CF0396545186 /* Pods-KoloTests.debug.xcconfig */ = {isa = PBXFileReference; includeInIndex = 1; lastKnownFileType = text.xcconfig; name = "Pods-KoloTests.debug.xcconfig"; path = "Target Support Files/Pods-KoloTests/Pods-KoloTests.debug.xcconfig"; sourceTree = "<group>"; };
		78BFAD9C85DEEF9EC510B6E2 /* Pods-Kolo.release.xcconfig */ = {isa = PBXFileReference; includeInIndex = 1; lastKnownFileType = text.xcconfig; name = "Pods-Kolo.release.xcconfig"; path = "Target Support Files/Pods-Kolo/Pods-Kolo.release.xcconfig"; sourceTree = "<group>"; };
		C2407631FCE8E5BAB16EAEE5 /* Pods_KoloTests.framework */ = {isa = PBXFileReference; explicitFileType = wrapper.framework; includeInIndex = 0; path = Pods_KoloTests.framework; sourceTree = BUILT_PRODUCTS_DIR; };
		CE5A1FA1AB1AAEA8ACC71452 /* Pods_Kolo.framework */ = {isa = PBXFileReference; explicitFileType = wrapper.framework; includeInIndex = 0; path = Pods_Kolo.framework; sourceTree = BUILT_PRODUCTS_DIR; };
		FC14F1A228083C4500BFB9D1 /* Kolo.app */ = {isa = PBXFileReference; explicitFileType = wrapper.application; includeInIndex = 0; path = Kolo.app; sourceTree = BUILT_PRODUCTS_DIR; };
		FC14F1A528083C4500BFB9D1 /* AppDelegate.swift */ = {isa = PBXFileReference; lastKnownFileType = sourcecode.swift; path = AppDelegate.swift; sourceTree = "<group>"; };
		FC14F1A728083C4500BFB9D1 /* SceneDelegate.swift */ = {isa = PBXFileReference; lastKnownFileType = sourcecode.swift; path = SceneDelegate.swift; sourceTree = "<group>"; };
		FC14F1AC28083C4500BFB9D1 /* Base */ = {isa = PBXFileReference; lastKnownFileType = file.storyboard; name = Base; path = Base.lproj/Main.storyboard; sourceTree = "<group>"; };
		FC14F1AE28083C4500BFB9D1 /* Assets.xcassets */ = {isa = PBXFileReference; lastKnownFileType = folder.assetcatalog; path = Assets.xcassets; sourceTree = "<group>"; };
		FC14F1B128083C4500BFB9D1 /* Base */ = {isa = PBXFileReference; lastKnownFileType = file.storyboard; name = Base; path = Base.lproj/LaunchScreen.storyboard; sourceTree = "<group>"; };
		FC14F1B328083C4500BFB9D1 /* Info.plist */ = {isa = PBXFileReference; lastKnownFileType = text.plist.xml; path = Info.plist; sourceTree = "<group>"; };
		FC14F1B928083C5E00BFB9D1 /* KoloLandingTabBarViewController.swift */ = {isa = PBXFileReference; lastKnownFileType = sourcecode.swift; path = KoloLandingTabBarViewController.swift; sourceTree = "<group>"; };
		FCA6CF892861AF8A0055AE60 /* LoaderCollectionReusableView.swift */ = {isa = PBXFileReference; lastKnownFileType = sourcecode.swift; path = LoaderCollectionReusableView.swift; sourceTree = "<group>"; };
		FCA6CF8A2861AF8A0055AE60 /* LoaderCollectionReusableView.xib */ = {isa = PBXFileReference; lastKnownFileType = file.xib; path = LoaderCollectionReusableView.xib; sourceTree = "<group>"; };
		FCCC817C28083E5D00DC91E6 /* CharactersViewController.swift */ = {isa = PBXFileReference; lastKnownFileType = sourcecode.swift; path = CharactersViewController.swift; sourceTree = "<group>"; };
		FCCC817D28083E5D00DC91E6 /* CharactersViewController.xib */ = {isa = PBXFileReference; lastKnownFileType = file.xib; path = CharactersViewController.xib; sourceTree = "<group>"; };
		FCCC818328083E9A00DC91E6 /* ComicsViewController.swift */ = {isa = PBXFileReference; lastKnownFileType = sourcecode.swift; path = ComicsViewController.swift; sourceTree = "<group>"; };
		FCCC818428083E9A00DC91E6 /* ComicsViewController.xib */ = {isa = PBXFileReference; lastKnownFileType = file.xib; path = ComicsViewController.xib; sourceTree = "<group>"; };
		FCCC818A28083F3700DC91E6 /* ComicsViewModel.swift */ = {isa = PBXFileReference; fileEncoding = 4; lastKnownFileType = sourcecode.swift; path = ComicsViewModel.swift; sourceTree = "<group>"; };
		FCCC818D28083F7900DC91E6 /* Networking.swift */ = {isa = PBXFileReference; lastKnownFileType = sourcecode.swift; path = Networking.swift; sourceTree = "<group>"; };
		FCCC819028083FB600DC91E6 /* ComicCollectionViewCell.swift */ = {isa = PBXFileReference; lastKnownFileType = sourcecode.swift; path = ComicCollectionViewCell.swift; sourceTree = "<group>"; };
		FCCC819128083FB600DC91E6 /* ComicCollectionViewCell.xib */ = {isa = PBXFileReference; lastKnownFileType = file.xib; path = ComicCollectionViewCell.xib; sourceTree = "<group>"; };
		FCCC819728084B9C00DC91E6 /* CharactersViewModel.swift */ = {isa = PBXFileReference; lastKnownFileType = sourcecode.swift; path = CharactersViewModel.swift; sourceTree = "<group>"; };
		FCDBAA92280A6CA1000474CA /* KoloTests.xctest */ = {isa = PBXFileReference; explicitFileType = wrapper.cfbundle; includeInIndex = 0; path = KoloTests.xctest; sourceTree = BUILT_PRODUCTS_DIR; };
		FCDBAA9B280A6D16000474CA /* CharactersViewModelUnitTest.swift */ = {isa = PBXFileReference; lastKnownFileType = sourcecode.swift; path = CharactersViewModelUnitTest.swift; sourceTree = "<group>"; };
		FCDBAA9F280A6EE2000474CA /* CharactersViewModelDummyData.swift */ = {isa = PBXFileReference; lastKnownFileType = sourcecode.swift; path = CharactersViewModelDummyData.swift; sourceTree = "<group>"; };
		FCDBAAA1280A715F000474CA /* SwiftyJSON.framework */ = {isa = PBXFileReference; explicitFileType = wrapper.framework; path = SwiftyJSON.framework; sourceTree = BUILT_PRODUCTS_DIR; };
		FCDBAAA7280A74FE000474CA /* ComicsViewModelUnitTest.swift */ = {isa = PBXFileReference; lastKnownFileType = sourcecode.swift; path = ComicsViewModelUnitTest.swift; sourceTree = "<group>"; };
		FCDBAAA9280A750A000474CA /* ComicViewModelDummyData.swift */ = {isa = PBXFileReference; lastKnownFileType = sourcecode.swift; path = ComicViewModelDummyData.swift; sourceTree = "<group>"; };
		FCF7DD2A280925ED00C0DB29 /* CharactersDataModel.swift */ = {isa = PBXFileReference; lastKnownFileType = sourcecode.swift; path = CharactersDataModel.swift; sourceTree = "<group>"; };
		FCF7DD2D28092C6A00C0DB29 /* Extensions.swift */ = {isa = PBXFileReference; lastKnownFileType = sourcecode.swift; path = Extensions.swift; sourceTree = "<group>"; };
		FCF7DD2F2809372800C0DB29 /* CharctersResultDataModel.swift */ = {isa = PBXFileReference; lastKnownFileType = sourcecode.swift; path = CharctersResultDataModel.swift; sourceTree = "<group>"; };
		FCF7DD36280948A700C0DB29 /* ComicsDataModel.swift */ = {isa = PBXFileReference; lastKnownFileType = sourcecode.swift; path = ComicsDataModel.swift; sourceTree = "<group>"; };
		FCF7DD3C28094AC000C0DB29 /* ThumbnailDataModel.swift */ = {isa = PBXFileReference; lastKnownFileType = sourcecode.swift; path = ThumbnailDataModel.swift; sourceTree = "<group>"; };
		FCF7DD3E28094AF900C0DB29 /* UrlsDataModel.swift */ = {isa = PBXFileReference; lastKnownFileType = sourcecode.swift; path = UrlsDataModel.swift; sourceTree = "<group>"; };
		FCF7DD4028094C0400C0DB29 /* ComicsResultsDataModel.swift */ = {isa = PBXFileReference; lastKnownFileType = sourcecode.swift; path = ComicsResultsDataModel.swift; sourceTree = "<group>"; };
		FCF7DD4428095FF100C0DB29 /* SearchHistoryTableViewController.swift */ = {isa = PBXFileReference; lastKnownFileType = sourcecode.swift; path = SearchHistoryTableViewController.swift; sourceTree = "<group>"; };
		FCF7DD46280963C300C0DB29 /* SearchHistoryTokenTableViewCell.swift */ = {isa = PBXFileReference; lastKnownFileType = sourcecode.swift; path = SearchHistoryTokenTableViewCell.swift; sourceTree = "<group>"; };
		FCF7DD47280963C300C0DB29 /* SearchHistoryTokenTableViewCell.xib */ = {isa = PBXFileReference; lastKnownFileType = file.xib; path = SearchHistoryTokenTableViewCell.xib; sourceTree = "<group>"; };
		FCF7DD4A28096B5A00C0DB29 /* Utilities.swift */ = {isa = PBXFileReference; lastKnownFileType = sourcecode.swift; path = Utilities.swift; sourceTree = "<group>"; };
		FCF7DD4C28096BCE00C0DB29 /* AAConstants.swift */ = {isa = PBXFileReference; lastKnownFileType = sourcecode.swift; path = AAConstants.swift; sourceTree = "<group>"; };
		FCF7DD4F2809807C00C0DB29 /* URLExt.swift */ = {isa = PBXFileReference; lastKnownFileType = sourcecode.swift; path = URLExt.swift; sourceTree = "<group>"; };
		FCF7DD512809830900C0DB29 /* Observable.swift */ = {isa = PBXFileReference; lastKnownFileType = sourcecode.swift; path = Observable.swift; sourceTree = "<group>"; };
/* End PBXFileReference section */

/* Begin PBXFrameworksBuildPhase section */
		FC14F19F28083C4500BFB9D1 /* Frameworks */ = {
			isa = PBXFrameworksBuildPhase;
			buildActionMask = 2147483647;
			files = (
				0FB4888838B1C5365136582C /* Pods_Kolo.framework in Frameworks */,
				BD805B252826C396C38364DA /* (null) in Frameworks */,
			);
			runOnlyForDeploymentPostprocessing = 0;
		};
		FCDBAA8F280A6CA1000474CA /* Frameworks */ = {
			isa = PBXFrameworksBuildPhase;
			buildActionMask = 2147483647;
			files = (
				82AE5C0DD1125B922853F7F8 /* Pods_KoloTests.framework in Frameworks */,
			);
			runOnlyForDeploymentPostprocessing = 0;
		};
/* End PBXFrameworksBuildPhase section */

/* Begin PBXGroup section */
		D8BCAF613954A342AA6610CE /* Pods */ = {
			isa = PBXGroup;
			children = (
				04F5E67D697CB1791D129B55 /* Pods-Kolo.debug.xcconfig */,
				78BFAD9C85DEEF9EC510B6E2 /* Pods-Kolo.release.xcconfig */,
				76DD1DB90927CF0396545186 /* Pods-KoloTests.debug.xcconfig */,
				6995459258D560ABFCA646C7 /* Pods-KoloTests.release.xcconfig */,
			);
			path = Pods;
			sourceTree = "<group>";
		};
		F2D17459E2E8F8CDB92FCA0A /* Frameworks */ = {
			isa = PBXGroup;
			children = (
				FCDBAAA1280A715F000474CA /* SwiftyJSON.framework */,
				CE5A1FA1AB1AAEA8ACC71452 /* Pods_Kolo.framework */,
				C2407631FCE8E5BAB16EAEE5 /* Pods_KoloTests.framework */,
			);
			name = Frameworks;
			sourceTree = "<group>";
		};
		FC14F19928083C4500BFB9D1 = {
			isa = PBXGroup;
			children = (
				FC14F1A428083C4500BFB9D1 /* Kolo */,
				FCDBAA93280A6CA1000474CA /* KoloTests */,
				FC14F1A328083C4500BFB9D1 /* Products */,
				D8BCAF613954A342AA6610CE /* Pods */,
				F2D17459E2E8F8CDB92FCA0A /* Frameworks */,
			);
			sourceTree = "<group>";
		};
		FC14F1A328083C4500BFB9D1 /* Products */ = {
			isa = PBXGroup;
			children = (
				FC14F1A228083C4500BFB9D1 /* Kolo.app */,
				FCDBAA92280A6CA1000474CA /* KoloTests.xctest */,
			);
			name = Products;
			sourceTree = "<group>";
		};
		FC14F1A428083C4500BFB9D1 /* Kolo */ = {
			isa = PBXGroup;
			children = (
				FCF7DD4E2809768E00C0DB29 /* Search History */,
				FCF7DD38280949C100C0DB29 /* Data Models */,
				FCF7DD2C28092C5800C0DB29 /* Extensions */,
				FCCC81952808497F00DC91E6 /* Common Cell */,
				FCCC818C28083F6E00DC91E6 /* Networking */,
				FCCC818028083E8300DC91E6 /* Comics View */,
				FCCC817A28083E4600DC91E6 /* Character View */,
				FCCC8194280848E800DC91E6 /* Landing */,
				FCF7DD4328095F9600C0DB29 /* Misc */,
				FC14F1AE28083C4500BFB9D1 /* Assets.xcassets */,
				FC14F1B028083C4500BFB9D1 /* LaunchScreen.storyboard */,
				FC14F1B328083C4500BFB9D1 /* Info.plist */,
				FCA6CF892861AF8A0055AE60 /* LoaderCollectionReusableView.swift */,
				FCA6CF8A2861AF8A0055AE60 /* LoaderCollectionReusableView.xib */,
			);
			path = Kolo;
			sourceTree = "<group>";
		};
		FCCC817A28083E4600DC91E6 /* Character View */ = {
			isa = PBXGroup;
			children = (
				FCF7DD29280925D600C0DB29 /* Model */,
				FCCC819628084B8D00DC91E6 /* View Model */,
				FCCC817B28083E4D00DC91E6 /* View */,
			);
			path = "Character View";
			sourceTree = "<group>";
		};
		FCCC817B28083E4D00DC91E6 /* View */ = {
			isa = PBXGroup;
			children = (
				FCCC817C28083E5D00DC91E6 /* CharactersViewController.swift */,
				FCCC817D28083E5D00DC91E6 /* CharactersViewController.xib */,
			);
			path = View;
			sourceTree = "<group>";
		};
		FCCC818028083E8300DC91E6 /* Comics View */ = {
			isa = PBXGroup;
			children = (
				FCF7DD352809489C00C0DB29 /* Model */,
				FCCC818228083E8D00DC91E6 /* View Model */,
				FCCC818128083E8900DC91E6 /* View */,
			);
			path = "Comics View";
			sourceTree = "<group>";
		};
		FCCC818128083E8900DC91E6 /* View */ = {
			isa = PBXGroup;
			children = (
				FCCC818328083E9A00DC91E6 /* ComicsViewController.swift */,
				FCCC818428083E9A00DC91E6 /* ComicsViewController.xib */,
			);
			path = View;
			sourceTree = "<group>";
		};
		FCCC818228083E8D00DC91E6 /* View Model */ = {
			isa = PBXGroup;
			children = (
				FCCC818A28083F3700DC91E6 /* ComicsViewModel.swift */,
			);
			path = "View Model";
			sourceTree = "<group>";
		};
		FCCC818C28083F6E00DC91E6 /* Networking */ = {
			isa = PBXGroup;
			children = (
				FCCC818D28083F7900DC91E6 /* Networking.swift */,
			);
			path = Networking;
			sourceTree = "<group>";
		};
		FCCC818F28083F9800DC91E6 /* CollectionView Cell */ = {
			isa = PBXGroup;
			children = (
				FCCC819028083FB600DC91E6 /* ComicCollectionViewCell.swift */,
				FCCC819128083FB600DC91E6 /* ComicCollectionViewCell.xib */,
			);
			path = "CollectionView Cell";
			sourceTree = "<group>";
		};
		FCCC8194280848E800DC91E6 /* Landing */ = {
			isa = PBXGroup;
			children = (
				FC14F1AB28083C4500BFB9D1 /* Main.storyboard */,
				FC14F1B928083C5E00BFB9D1 /* KoloLandingTabBarViewController.swift */,
			);
			path = Landing;
			sourceTree = "<group>";
		};
		FCCC81952808497F00DC91E6 /* Common Cell */ = {
			isa = PBXGroup;
			children = (
				FCCC818F28083F9800DC91E6 /* CollectionView Cell */,
			);
			path = "Common Cell";
			sourceTree = "<group>";
		};
		FCCC819628084B8D00DC91E6 /* View Model */ = {
			isa = PBXGroup;
			children = (
				FCCC819728084B9C00DC91E6 /* CharactersViewModel.swift */,
			);
			path = "View Model";
			sourceTree = "<group>";
		};
		FCDBAA93280A6CA1000474CA /* KoloTests */ = {
			isa = PBXGroup;
			children = (
				FCDBAAA6280A74EE000474CA /* Comic */,
				FCDBAAA5280A74E4000474CA /* Character */,
			);
			path = KoloTests;
			sourceTree = "<group>";
		};
		FCDBAAA5280A74E4000474CA /* Character */ = {
			isa = PBXGroup;
			children = (
				FCDBAA9B280A6D16000474CA /* CharactersViewModelUnitTest.swift */,
				FCDBAA9F280A6EE2000474CA /* CharactersViewModelDummyData.swift */,
			);
			path = Character;
			sourceTree = "<group>";
		};
		FCDBAAA6280A74EE000474CA /* Comic */ = {
			isa = PBXGroup;
			children = (
				FCDBAAA7280A74FE000474CA /* ComicsViewModelUnitTest.swift */,
				FCDBAAA9280A750A000474CA /* ComicViewModelDummyData.swift */,
			);
			path = Comic;
			sourceTree = "<group>";
		};
		FCF7DD29280925D600C0DB29 /* Model */ = {
			isa = PBXGroup;
			children = (
				FCF7DD2A280925ED00C0DB29 /* CharactersDataModel.swift */,
				FCF7DD2F2809372800C0DB29 /* CharctersResultDataModel.swift */,
			);
			path = Model;
			sourceTree = "<group>";
		};
		FCF7DD2C28092C5800C0DB29 /* Extensions */ = {
			isa = PBXGroup;
			children = (
				FCF7DD2D28092C6A00C0DB29 /* Extensions.swift */,
			);
			path = Extensions;
			sourceTree = "<group>";
		};
		FCF7DD352809489C00C0DB29 /* Model */ = {
			isa = PBXGroup;
			children = (
				FCF7DD36280948A700C0DB29 /* ComicsDataModel.swift */,
				FCF7DD4028094C0400C0DB29 /* ComicsResultsDataModel.swift */,
			);
			path = Model;
			sourceTree = "<group>";
		};
		FCF7DD38280949C100C0DB29 /* Data Models */ = {
			isa = PBXGroup;
			children = (
				FCF7DD39280949C900C0DB29 /* Characters and Comics */,
			);
			path = "Data Models";
			sourceTree = "<group>";
		};
		FCF7DD39280949C900C0DB29 /* Characters and Comics */ = {
			isa = PBXGroup;
			children = (
				FCF7DD3C28094AC000C0DB29 /* ThumbnailDataModel.swift */,
				FCF7DD3E28094AF900C0DB29 /* UrlsDataModel.swift */,
			);
			path = "Characters and Comics";
			sourceTree = "<group>";
		};
		FCF7DD4328095F9600C0DB29 /* Misc */ = {
			isa = PBXGroup;
			children = (
				FCF7DD4A28096B5A00C0DB29 /* Utilities.swift */,
				FCF7DD4C28096BCE00C0DB29 /* AAConstants.swift */,
				FC14F1A528083C4500BFB9D1 /* AppDelegate.swift */,
				FC14F1A728083C4500BFB9D1 /* SceneDelegate.swift */,
				FCF7DD4F2809807C00C0DB29 /* URLExt.swift */,
				FCF7DD512809830900C0DB29 /* Observable.swift */,
			);
			path = Misc;
			sourceTree = "<group>";
		};
		FCF7DD4E2809768E00C0DB29 /* Search History */ = {
			isa = PBXGroup;
			children = (
				FCF7DD4428095FF100C0DB29 /* SearchHistoryTableViewController.swift */,
				FCF7DD46280963C300C0DB29 /* SearchHistoryTokenTableViewCell.swift */,
				FCF7DD47280963C300C0DB29 /* SearchHistoryTokenTableViewCell.xib */,
			);
			path = "Search History";
			sourceTree = "<group>";
		};
/* End PBXGroup section */

/* Begin PBXNativeTarget section */
		FC14F1A128083C4500BFB9D1 /* Kolo */ = {
			isa = PBXNativeTarget;
			buildConfigurationList = FC14F1B628083C4500BFB9D1 /* Build configuration list for PBXNativeTarget "Kolo" */;
			buildPhases = (
				FBA4E05A325992C57EBA47C4 /* [CP] Check Pods Manifest.lock */,
				FC14F19E28083C4500BFB9D1 /* Sources */,
				FC14F19F28083C4500BFB9D1 /* Frameworks */,
				FC14F1A028083C4500BFB9D1 /* Resources */,
				F7B5BD4F05431254E6EE2347 /* [CP] Embed Pods Frameworks */,
			);
			buildRules = (
			);
			dependencies = (
			);
			name = Kolo;
			productName = Kolo;
			productReference = FC14F1A228083C4500BFB9D1 /* Kolo.app */;
			productType = "com.apple.product-type.application";
		};
		FCDBAA91280A6CA1000474CA /* KoloTests */ = {
			isa = PBXNativeTarget;
			buildConfigurationList = FCDBAA98280A6CA1000474CA /* Build configuration list for PBXNativeTarget "KoloTests" */;
			buildPhases = (
				C8C908D819CF52E954AE2157 /* [CP] Check Pods Manifest.lock */,
				FCDBAA8E280A6CA1000474CA /* Sources */,
				FCDBAA8F280A6CA1000474CA /* Frameworks */,
				FCDBAA90280A6CA1000474CA /* Resources */,
				24DC0EA8CD9156F9A6DA89BF /* [CP] Embed Pods Frameworks */,
			);
			buildRules = (
			);
			dependencies = (
				FCDBAA97280A6CA1000474CA /* PBXTargetDependency */,
			);
			name = KoloTests;
			productName = KoloTests;
			productReference = FCDBAA92280A6CA1000474CA /* KoloTests.xctest */;
			productType = "com.apple.product-type.bundle.unit-test";
		};
/* End PBXNativeTarget section */

/* Begin PBXProject section */
		FC14F19A28083C4500BFB9D1 /* Project object */ = {
			isa = PBXProject;
			attributes = {
				BuildIndependentTargetsInParallel = 1;
				LastSwiftUpdateCheck = 1320;
				LastUpgradeCheck = 1320;
				TargetAttributes = {
					FC14F1A128083C4500BFB9D1 = {
						CreatedOnToolsVersion = 13.2.1;
					};
					FCDBAA91280A6CA1000474CA = {
						CreatedOnToolsVersion = 13.2.1;
						TestTargetID = FC14F1A128083C4500BFB9D1;
					};
				};
			};
			buildConfigurationList = FC14F19D28083C4500BFB9D1 /* Build configuration list for PBXProject "Kolo" */;
			compatibilityVersion = "Xcode 13.0";
			developmentRegion = en;
			hasScannedForEncodings = 0;
			knownRegions = (
				en,
				Base,
			);
			mainGroup = FC14F19928083C4500BFB9D1;
			productRefGroup = FC14F1A328083C4500BFB9D1 /* Products */;
			projectDirPath = "";
			projectRoot = "";
			targets = (
				FC14F1A128083C4500BFB9D1 /* Kolo */,
				FCDBAA91280A6CA1000474CA /* KoloTests */,
			);
		};
/* End PBXProject section */

/* Begin PBXResourcesBuildPhase section */
		FC14F1A028083C4500BFB9D1 /* Resources */ = {
			isa = PBXResourcesBuildPhase;
			buildActionMask = 2147483647;
			files = (
				FCCC818628083E9A00DC91E6 /* ComicsViewController.xib in Resources */,
				FCCC817F28083E5D00DC91E6 /* CharactersViewController.xib in Resources */,
				FC14F1B228083C4500BFB9D1 /* LaunchScreen.storyboard in Resources */,
				FCF7DD49280963C300C0DB29 /* SearchHistoryTokenTableViewCell.xib in Resources */,
				FCA6CF8C2861AF8A0055AE60 /* LoaderCollectionReusableView.xib in Resources */,
				FC14F1AF28083C4500BFB9D1 /* Assets.xcassets in Resources */,
				FCCC819328083FB600DC91E6 /* ComicCollectionViewCell.xib in Resources */,
				FC14F1AD28083C4500BFB9D1 /* Main.storyboard in Resources */,
			);
			runOnlyForDeploymentPostprocessing = 0;
		};
		FCDBAA90280A6CA1000474CA /* Resources */ = {
			isa = PBXResourcesBuildPhase;
			buildActionMask = 2147483647;
			files = (
			);
			runOnlyForDeploymentPostprocessing = 0;
		};
/* End PBXResourcesBuildPhase section */

/* Begin PBXShellScriptBuildPhase section */
		24DC0EA8CD9156F9A6DA89BF /* [CP] Embed Pods Frameworks */ = {
			isa = PBXShellScriptBuildPhase;
			buildActionMask = 2147483647;
			files = (
			);
			inputFileListPaths = (
				"${PODS_ROOT}/Target Support Files/Pods-KoloTests/Pods-KoloTests-frameworks-${CONFIGURATION}-input-files.xcfilelist",
			);
			name = "[CP] Embed Pods Frameworks";
			outputFileListPaths = (
				"${PODS_ROOT}/Target Support Files/Pods-KoloTests/Pods-KoloTests-frameworks-${CONFIGURATION}-output-files.xcfilelist",
			);
			runOnlyForDeploymentPostprocessing = 0;
			shellPath = /bin/sh;
			shellScript = "\"${PODS_ROOT}/Target Support Files/Pods-KoloTests/Pods-KoloTests-frameworks.sh\"\n";
			showEnvVarsInLog = 0;
		};
		C8C908D819CF52E954AE2157 /* [CP] Check Pods Manifest.lock */ = {
			isa = PBXShellScriptBuildPhase;
			buildActionMask = 2147483647;
			files = (
			);
			inputFileListPaths = (
			);
			inputPaths = (
				"${PODS_PODFILE_DIR_PATH}/Podfile.lock",
				"${PODS_ROOT}/Manifest.lock",
			);
			name = "[CP] Check Pods Manifest.lock";
			outputFileListPaths = (
			);
			outputPaths = (
				"$(DERIVED_FILE_DIR)/Pods-KoloTests-checkManifestLockResult.txt",
			);
			runOnlyForDeploymentPostprocessing = 0;
			shellPath = /bin/sh;
			shellScript = "diff \"${PODS_PODFILE_DIR_PATH}/Podfile.lock\" \"${PODS_ROOT}/Manifest.lock\" > /dev/null\nif [ $? != 0 ] ; then\n    # print error to STDERR\n    echo \"error: The sandbox is not in sync with the Podfile.lock. Run 'pod install' or update your CocoaPods installation.\" >&2\n    exit 1\nfi\n# This output is used by Xcode 'outputs' to avoid re-running this script phase.\necho \"SUCCESS\" > \"${SCRIPT_OUTPUT_FILE_0}\"\n";
			showEnvVarsInLog = 0;
		};
		F7B5BD4F05431254E6EE2347 /* [CP] Embed Pods Frameworks */ = {
			isa = PBXShellScriptBuildPhase;
			buildActionMask = 2147483647;
			files = (
			);
			inputFileListPaths = (
				"${PODS_ROOT}/Target Support Files/Pods-Kolo/Pods-Kolo-frameworks-${CONFIGURATION}-input-files.xcfilelist",
			);
			name = "[CP] Embed Pods Frameworks";
			outputFileListPaths = (
				"${PODS_ROOT}/Target Support Files/Pods-Kolo/Pods-Kolo-frameworks-${CONFIGURATION}-output-files.xcfilelist",
			);
			runOnlyForDeploymentPostprocessing = 0;
			shellPath = /bin/sh;
			shellScript = "\"${PODS_ROOT}/Target Support Files/Pods-Kolo/Pods-Kolo-frameworks.sh\"\n";
			showEnvVarsInLog = 0;
		};
		FBA4E05A325992C57EBA47C4 /* [CP] Check Pods Manifest.lock */ = {
			isa = PBXShellScriptBuildPhase;
			buildActionMask = 2147483647;
			files = (
			);
			inputFileListPaths = (
			);
			inputPaths = (
				"${PODS_PODFILE_DIR_PATH}/Podfile.lock",
				"${PODS_ROOT}/Manifest.lock",
			);
			name = "[CP] Check Pods Manifest.lock";
			outputFileListPaths = (
			);
			outputPaths = (
				"$(DERIVED_FILE_DIR)/Pods-Kolo-checkManifestLockResult.txt",
			);
			runOnlyForDeploymentPostprocessing = 0;
			shellPath = /bin/sh;
			shellScript = "diff \"${PODS_PODFILE_DIR_PATH}/Podfile.lock\" \"${PODS_ROOT}/Manifest.lock\" > /dev/null\nif [ $? != 0 ] ; then\n    # print error to STDERR\n    echo \"error: The sandbox is not in sync with the Podfile.lock. Run 'pod install' or update your CocoaPods installation.\" >&2\n    exit 1\nfi\n# This output is used by Xcode 'outputs' to avoid re-running this script phase.\necho \"SUCCESS\" > \"${SCRIPT_OUTPUT_FILE_0}\"\n";
			showEnvVarsInLog = 0;
		};
/* End PBXShellScriptBuildPhase section */

/* Begin PBXSourcesBuildPhase section */
		FC14F19E28083C4500BFB9D1 /* Sources */ = {
			isa = PBXSourcesBuildPhase;
			buildActionMask = 2147483647;
			files = (
				FCF7DD522809830900C0DB29 /* Observable.swift in Sources */,
				FCCC819828084B9C00DC91E6 /* CharactersViewModel.swift in Sources */,
				FCF7DD3F28094AF900C0DB29 /* UrlsDataModel.swift in Sources */,
				FCF7DD4128094C0400C0DB29 /* ComicsResultsDataModel.swift in Sources */,
				FCCC818528083E9A00DC91E6 /* ComicsViewController.swift in Sources */,
				FCF7DD48280963C300C0DB29 /* SearchHistoryTokenTableViewCell.swift in Sources */,
				FCA6CF8B2861AF8A0055AE60 /* LoaderCollectionReusableView.swift in Sources */,
				FCF7DD3D28094AC000C0DB29 /* ThumbnailDataModel.swift in Sources */,
				FCF7DD4528095FF100C0DB29 /* SearchHistoryTableViewController.swift in Sources */,
				FC14F1BA28083C5E00BFB9D1 /* KoloLandingTabBarViewController.swift in Sources */,
				FCF7DD2B280925ED00C0DB29 /* CharactersDataModel.swift in Sources */,
				FCCC818E28083F7900DC91E6 /* Networking.swift in Sources */,
				FCF7DD37280948A700C0DB29 /* ComicsDataModel.swift in Sources */,
				FCCC818B28083F3700DC91E6 /* ComicsViewModel.swift in Sources */,
				FCF7DD302809372800C0DB29 /* CharctersResultDataModel.swift in Sources */,
				FCF7DD4B28096B5A00C0DB29 /* Utilities.swift in Sources */,
				FCCC819228083FB600DC91E6 /* ComicCollectionViewCell.swift in Sources */,
				FC14F1A628083C4500BFB9D1 /* AppDelegate.swift in Sources */,
				FCCC817E28083E5D00DC91E6 /* CharactersViewController.swift in Sources */,
				FCF7DD2E28092C6A00C0DB29 /* Extensions.swift in Sources */,
				FCF7DD502809807C00C0DB29 /* URLExt.swift in Sources */,
				FC14F1A828083C4500BFB9D1 /* SceneDelegate.swift in Sources */,
				FCF7DD4D28096BCE00C0DB29 /* AAConstants.swift in Sources */,
			);
			runOnlyForDeploymentPostprocessing = 0;
		};
		FCDBAA8E280A6CA1000474CA /* Sources */ = {
			isa = PBXSourcesBuildPhase;
			buildActionMask = 2147483647;
			files = (
				FCDBAAA8280A74FE000474CA /* ComicsViewModelUnitTest.swift in Sources */,
				FCDBAAAA280A750A000474CA /* ComicViewModelDummyData.swift in Sources */,
				FCDBAA9C280A6D16000474CA /* CharactersViewModelUnitTest.swift in Sources */,
				FCDBAAA0280A6EE2000474CA /* CharactersViewModelDummyData.swift in Sources */,
			);
			runOnlyForDeploymentPostprocessing = 0;
		};
/* End PBXSourcesBuildPhase section */

/* Begin PBXTargetDependency section */
		FCDBAA97280A6CA1000474CA /* PBXTargetDependency */ = {
			isa = PBXTargetDependency;
			target = FC14F1A128083C4500BFB9D1 /* Kolo */;
			targetProxy = FCDBAA96280A6CA1000474CA /* PBXContainerItemProxy */;
		};
/* End PBXTargetDependency section */

/* Begin PBXVariantGroup section */
		FC14F1AB28083C4500BFB9D1 /* Main.storyboard */ = {
			isa = PBXVariantGroup;
			children = (
				FC14F1AC28083C4500BFB9D1 /* Base */,
			);
			name = Main.storyboard;
			sourceTree = "<group>";
		};
		FC14F1B028083C4500BFB9D1 /* LaunchScreen.storyboard */ = {
			isa = PBXVariantGroup;
			children = (
				FC14F1B128083C4500BFB9D1 /* Base */,
			);
			name = LaunchScreen.storyboard;
			sourceTree = "<group>";
		};
/* End PBXVariantGroup section */

/* Begin XCBuildConfiguration section */
		FC14F1B428083C4500BFB9D1 /* Debug */ = {
			isa = XCBuildConfiguration;
			buildSettings = {
				ALWAYS_SEARCH_USER_PATHS = NO;
				CLANG_ANALYZER_NONNULL = YES;
				CLANG_ANALYZER_NUMBER_OBJECT_CONVERSION = YES_AGGRESSIVE;
				CLANG_CXX_LANGUAGE_STANDARD = "gnu++17";
				CLANG_CXX_LIBRARY = "libc++";
				CLANG_ENABLE_MODULES = YES;
				CLANG_ENABLE_OBJC_ARC = YES;
				CLANG_ENABLE_OBJC_WEAK = YES;
				CLANG_WARN_BLOCK_CAPTURE_AUTORELEASING = YES;
				CLANG_WARN_BOOL_CONVERSION = YES;
				CLANG_WARN_COMMA = YES;
				CLANG_WARN_CONSTANT_CONVERSION = YES;
				CLANG_WARN_DEPRECATED_OBJC_IMPLEMENTATIONS = YES;
				CLANG_WARN_DIRECT_OBJC_ISA_USAGE = YES_ERROR;
				CLANG_WARN_DOCUMENTATION_COMMENTS = YES;
				CLANG_WARN_EMPTY_BODY = YES;
				CLANG_WARN_ENUM_CONVERSION = YES;
				CLANG_WARN_INFINITE_RECURSION = YES;
				CLANG_WARN_INT_CONVERSION = YES;
				CLANG_WARN_NON_LITERAL_NULL_CONVERSION = YES;
				CLANG_WARN_OBJC_IMPLICIT_RETAIN_SELF = YES;
				CLANG_WARN_OBJC_LITERAL_CONVERSION = YES;
				CLANG_WARN_OBJC_ROOT_CLASS = YES_ERROR;
				CLANG_WARN_QUOTED_INCLUDE_IN_FRAMEWORK_HEADER = YES;
				CLANG_WARN_RANGE_LOOP_ANALYSIS = YES;
				CLANG_WARN_STRICT_PROTOTYPES = YES;
				CLANG_WARN_SUSPICIOUS_MOVE = YES;
				CLANG_WARN_UNGUARDED_AVAILABILITY = YES_AGGRESSIVE;
				CLANG_WARN_UNREACHABLE_CODE = YES;
				CLANG_WARN__DUPLICATE_METHOD_MATCH = YES;
				COPY_PHASE_STRIP = NO;
				DEBUG_INFORMATION_FORMAT = dwarf;
				ENABLE_STRICT_OBJC_MSGSEND = YES;
				ENABLE_TESTABILITY = YES;
				GCC_C_LANGUAGE_STANDARD = gnu11;
				GCC_DYNAMIC_NO_PIC = NO;
				GCC_NO_COMMON_BLOCKS = YES;
				GCC_OPTIMIZATION_LEVEL = 0;
				GCC_PREPROCESSOR_DEFINITIONS = (
					"DEBUG=1",
					"$(inherited)",
				);
				GCC_WARN_64_TO_32_BIT_CONVERSION = YES;
				GCC_WARN_ABOUT_RETURN_TYPE = YES_ERROR;
				GCC_WARN_UNDECLARED_SELECTOR = YES;
				GCC_WARN_UNINITIALIZED_AUTOS = YES_AGGRESSIVE;
				GCC_WARN_UNUSED_FUNCTION = YES;
				GCC_WARN_UNUSED_VARIABLE = YES;
				IPHONEOS_DEPLOYMENT_TARGET = 15.2;
				MTL_ENABLE_DEBUG_INFO = INCLUDE_SOURCE;
				MTL_FAST_MATH = YES;
				ONLY_ACTIVE_ARCH = YES;
				SDKROOT = iphoneos;
				SWIFT_ACTIVE_COMPILATION_CONDITIONS = DEBUG;
				SWIFT_OPTIMIZATION_LEVEL = "-Onone";
			};
			name = Debug;
		};
		FC14F1B528083C4500BFB9D1 /* Release */ = {
			isa = XCBuildConfiguration;
			buildSettings = {
				ALWAYS_SEARCH_USER_PATHS = NO;
				CLANG_ANALYZER_NONNULL = YES;
				CLANG_ANALYZER_NUMBER_OBJECT_CONVERSION = YES_AGGRESSIVE;
				CLANG_CXX_LANGUAGE_STANDARD = "gnu++17";
				CLANG_CXX_LIBRARY = "libc++";
				CLANG_ENABLE_MODULES = YES;
				CLANG_ENABLE_OBJC_ARC = YES;
				CLANG_ENABLE_OBJC_WEAK = YES;
				CLANG_WARN_BLOCK_CAPTURE_AUTORELEASING = YES;
				CLANG_WARN_BOOL_CONVERSION = YES;
				CLANG_WARN_COMMA = YES;
				CLANG_WARN_CONSTANT_CONVERSION = YES;
				CLANG_WARN_DEPRECATED_OBJC_IMPLEMENTATIONS = YES;
				CLANG_WARN_DIRECT_OBJC_ISA_USAGE = YES_ERROR;
				CLANG_WARN_DOCUMENTATION_COMMENTS = YES;
				CLANG_WARN_EMPTY_BODY = YES;
				CLANG_WARN_ENUM_CONVERSION = YES;
				CLANG_WARN_INFINITE_RECURSION = YES;
				CLANG_WARN_INT_CONVERSION = YES;
				CLANG_WARN_NON_LITERAL_NULL_CONVERSION = YES;
				CLANG_WARN_OBJC_IMPLICIT_RETAIN_SELF = YES;
				CLANG_WARN_OBJC_LITERAL_CONVERSION = YES;
				CLANG_WARN_OBJC_ROOT_CLASS = YES_ERROR;
				CLANG_WARN_QUOTED_INCLUDE_IN_FRAMEWORK_HEADER = YES;
				CLANG_WARN_RANGE_LOOP_ANALYSIS = YES;
				CLANG_WARN_STRICT_PROTOTYPES = YES;
				CLANG_WARN_SUSPICIOUS_MOVE = YES;
				CLANG_WARN_UNGUARDED_AVAILABILITY = YES_AGGRESSIVE;
				CLANG_WARN_UNREACHABLE_CODE = YES;
				CLANG_WARN__DUPLICATE_METHOD_MATCH = YES;
				COPY_PHASE_STRIP = NO;
				DEBUG_INFORMATION_FORMAT = "dwarf-with-dsym";
				ENABLE_NS_ASSERTIONS = NO;
				ENABLE_STRICT_OBJC_MSGSEND = YES;
				GCC_C_LANGUAGE_STANDARD = gnu11;
				GCC_NO_COMMON_BLOCKS = YES;
				GCC_WARN_64_TO_32_BIT_CONVERSION = YES;
				GCC_WARN_ABOUT_RETURN_TYPE = YES_ERROR;
				GCC_WARN_UNDECLARED_SELECTOR = YES;
				GCC_WARN_UNINITIALIZED_AUTOS = YES_AGGRESSIVE;
				GCC_WARN_UNUSED_FUNCTION = YES;
				GCC_WARN_UNUSED_VARIABLE = YES;
				IPHONEOS_DEPLOYMENT_TARGET = 15.2;
				MTL_ENABLE_DEBUG_INFO = NO;
				MTL_FAST_MATH = YES;
				SDKROOT = iphoneos;
				SWIFT_COMPILATION_MODE = wholemodule;
				SWIFT_OPTIMIZATION_LEVEL = "-O";
				VALIDATE_PRODUCT = YES;
			};
			name = Release;
		};
		FC14F1B728083C4500BFB9D1 /* Debug */ = {
			isa = XCBuildConfiguration;
			baseConfigurationReference = 04F5E67D697CB1791D129B55 /* Pods-Kolo.debug.xcconfig */;
			buildSettings = {
				ASSETCATALOG_COMPILER_APPICON_NAME = AppIcon;
				ASSETCATALOG_COMPILER_GLOBAL_ACCENT_COLOR_NAME = AccentColor;
				CODE_SIGN_STYLE = Automatic;
				CURRENT_PROJECT_VERSION = 1;
				DEVELOPMENT_TEAM = "";
				GENERATE_INFOPLIST_FILE = YES;
				INFOPLIST_FILE = Kolo/Info.plist;
				INFOPLIST_KEY_UIApplicationSupportsIndirectInputEvents = YES;
				INFOPLIST_KEY_UILaunchStoryboardName = LaunchScreen;
				INFOPLIST_KEY_UIMainStoryboardFile = Main;
				INFOPLIST_KEY_UISupportedInterfaceOrientations_iPad = "UIInterfaceOrientationPortrait UIInterfaceOrientationPortraitUpsideDown UIInterfaceOrientationLandscapeLeft UIInterfaceOrientationLandscapeRight";
				INFOPLIST_KEY_UISupportedInterfaceOrientations_iPhone = "UIInterfaceOrientationPortrait UIInterfaceOrientationLandscapeLeft UIInterfaceOrientationLandscapeRight";
				LD_RUNPATH_SEARCH_PATHS = (
					"$(inherited)",
					"@executable_path/Frameworks",
				);
				MARKETING_VERSION = 1.0;
				PRODUCT_BUNDLE_IDENTIFIER = com.koloapp.Kolo;
				PRODUCT_NAME = "$(TARGET_NAME)";
				SWIFT_EMIT_LOC_STRINGS = YES;
				SWIFT_VERSION = 5.0;
				TARGETED_DEVICE_FAMILY = "1,2";
			};
			name = Debug;
		};
		FC14F1B828083C4500BFB9D1 /* Release */ = {
			isa = XCBuildConfiguration;
			baseConfigurationReference = 78BFAD9C85DEEF9EC510B6E2 /* Pods-Kolo.release.xcconfig */;
			buildSettings = {
				ASSETCATALOG_COMPILER_APPICON_NAME = AppIcon;
				ASSETCATALOG_COMPILER_GLOBAL_ACCENT_COLOR_NAME = AccentColor;
				CODE_SIGN_STYLE = Automatic;
				CURRENT_PROJECT_VERSION = 1;
				DEVELOPMENT_TEAM = "";
				GENERATE_INFOPLIST_FILE = YES;
				INFOPLIST_FILE = Kolo/Info.plist;
				INFOPLIST_KEY_UIApplicationSupportsIndirectInputEvents = YES;
				INFOPLIST_KEY_UILaunchStoryboardName = LaunchScreen;
				INFOPLIST_KEY_UIMainStoryboardFile = Main;
				INFOPLIST_KEY_UISupportedInterfaceOrientations_iPad = "UIInterfaceOrientationPortrait UIInterfaceOrientationPortraitUpsideDown UIInterfaceOrientationLandscapeLeft UIInterfaceOrientationLandscapeRight";
				INFOPLIST_KEY_UISupportedInterfaceOrientations_iPhone = "UIInterfaceOrientationPortrait UIInterfaceOrientationLandscapeLeft UIInterfaceOrientationLandscapeRight";
				LD_RUNPATH_SEARCH_PATHS = (
					"$(inherited)",
					"@executable_path/Frameworks",
				);
				MARKETING_VERSION = 1.0;
				PRODUCT_BUNDLE_IDENTIFIER = com.koloapp.Kolo;
				PRODUCT_NAME = "$(TARGET_NAME)";
				SWIFT_EMIT_LOC_STRINGS = YES;
				SWIFT_VERSION = 5.0;
				TARGETED_DEVICE_FAMILY = "1,2";
			};
			name = Release;
		};
		FCDBAA99280A6CA1000474CA /* Debug */ = {
			isa = XCBuildConfiguration;
			baseConfigurationReference = 76DD1DB90927CF0396545186 /* Pods-KoloTests.debug.xcconfig */;
			buildSettings = {
				BUNDLE_LOADER = "$(TEST_HOST)";
				CODE_SIGN_STYLE = Automatic;
				CURRENT_PROJECT_VERSION = 1;
				GENERATE_INFOPLIST_FILE = YES;
				MARKETING_VERSION = 1.0;
				PRODUCT_BUNDLE_IDENTIFIER = com.koloapp.KoloTests;
				PRODUCT_NAME = "$(TARGET_NAME)";
				SWIFT_EMIT_LOC_STRINGS = NO;
				SWIFT_VERSION = 5.0;
				TARGETED_DEVICE_FAMILY = "1,2";
				TEST_HOST = "$(BUILT_PRODUCTS_DIR)/Kolo.app/Kolo";
			};
			name = Debug;
		};
		FCDBAA9A280A6CA1000474CA /* Release */ = {
			isa = XCBuildConfiguration;
			baseConfigurationReference = 6995459258D560ABFCA646C7 /* Pods-KoloTests.release.xcconfig */;
			buildSettings = {
				BUNDLE_LOADER = "$(TEST_HOST)";
				CODE_SIGN_STYLE = Automatic;
				CURRENT_PROJECT_VERSION = 1;
				GENERATE_INFOPLIST_FILE = YES;
				MARKETING_VERSION = 1.0;
				PRODUCT_BUNDLE_IDENTIFIER = com.koloapp.KoloTests;
				PRODUCT_NAME = "$(TARGET_NAME)";
				SWIFT_EMIT_LOC_STRINGS = NO;
				SWIFT_VERSION = 5.0;
				TARGETED_DEVICE_FAMILY = "1,2";
				TEST_HOST = "$(BUILT_PRODUCTS_DIR)/Kolo.app/Kolo";
			};
			name = Release;
		};
/* End XCBuildConfiguration section */

/* Begin XCConfigurationList section */
		FC14F19D28083C4500BFB9D1 /* Build configuration list for PBXProject "Kolo" */ = {
			isa = XCConfigurationList;
			buildConfigurations = (
				FC14F1B428083C4500BFB9D1 /* Debug */,
				FC14F1B528083C4500BFB9D1 /* Release */,
			);
			defaultConfigurationIsVisible = 0;
			defaultConfigurationName = Release;
		};
		FC14F1B628083C4500BFB9D1 /* Build configuration list for PBXNativeTarget "Kolo" */ = {
			isa = XCConfigurationList;
			buildConfigurations = (
				FC14F1B728083C4500BFB9D1 /* Debug */,
				FC14F1B828083C4500BFB9D1 /* Release */,
			);
			defaultConfigurationIsVisible = 0;
			defaultConfigurationName = Release;
		};
		FCDBAA98280A6CA1000474CA /* Build configuration list for PBXNativeTarget "KoloTests" */ = {
			isa = XCConfigurationList;
			buildConfigurations = (
				FCDBAA99280A6CA1000474CA /* Debug */,
				FCDBAA9A280A6CA1000474CA /* Release */,
			);
			defaultConfigurationIsVisible = 0;
			defaultConfigurationName = Release;
		};
/* End XCConfigurationList section */
	};
	rootObject = FC14F19A28083C4500BFB9D1 /* Project object */;
}
